// !$*UTF8*$!
{
	archiveVersion = 1;
	classes = {
	};
	objectVersion = 46;
	objects = {

/* Begin PBXBuildFile section */
		F20B3C3B193B96510074A370 /* Social.framework in Frameworks */ = {isa = PBXBuildFile; fileRef = F20B3C3A193B96510074A370 /* Social.framework */; };
		F241E070192C3A380087823F /* dougherty1.png in Resources */ = {isa = PBXBuildFile; fileRef = F241E066192C3A380087823F /* dougherty1.png */; };
		F241E071192C3A380087823F /* dougherty2.png in Resources */ = {isa = PBXBuildFile; fileRef = F241E067192C3A380087823F /* dougherty2.png */; };
		F241E072192C3A380087823F /* dougherty3.png in Resources */ = {isa = PBXBuildFile; fileRef = F241E068192C3A380087823F /* dougherty3.png */; };
		F241E073192C3A380087823F /* dougherty4.png in Resources */ = {isa = PBXBuildFile; fileRef = F241E069192C3A380087823F /* dougherty4.png */; };
		F241E074192C3A380087823F /* dougherty5.png in Resources */ = {isa = PBXBuildFile; fileRef = F241E06A192C3A380087823F /* dougherty5.png */; };
		F241E075192C3A380087823F /* dougherty6.png in Resources */ = {isa = PBXBuildFile; fileRef = F241E06B192C3A380087823F /* dougherty6.png */; };
		F241E076192C3A380087823F /* dougherty7.png in Resources */ = {isa = PBXBuildFile; fileRef = F241E06C192C3A380087823F /* dougherty7.png */; };
		F241E077192C3A380087823F /* dougherty8.png in Resources */ = {isa = PBXBuildFile; fileRef = F241E06D192C3A380087823F /* dougherty8.png */; };
		F241E078192C3A380087823F /* dougherty9.png in Resources */ = {isa = PBXBuildFile; fileRef = F241E06E192C3A380087823F /* dougherty9.png */; };
		F241E079192C3A380087823F /* dougherty10.png in Resources */ = {isa = PBXBuildFile; fileRef = F241E06F192C3A380087823F /* dougherty10.png */; };
		F24E47E9192B118A005E663C /* UIImage+ImageEffects.m in Sources */ = {isa = PBXBuildFile; fileRef = F24E47E8192B118A005E663C /* UIImage+ImageEffects.m */; };
		F24E47EB192B11F4005E663C /* AssetsLibrary.framework in Frameworks */ = {isa = PBXBuildFile; fileRef = F24E47EA192B11F4005E663C /* AssetsLibrary.framework */; };
		F24E47ED192B1753005E663C /* CoreImage.framework in Frameworks */ = {isa = PBXBuildFile; fileRef = F24E47EC192B1753005E663C /* CoreImage.framework */; };
		F292DC3F1929BC85009322AB /* MTEditPostViewController.m in Sources */ = {isa = PBXBuildFile; fileRef = F292DC3E1929BC85009322AB /* MTEditPostViewController.m */; };
		F2DAF8FE1929DBD3005B2822 /* UIColor+Manage.m in Sources */ = {isa = PBXBuildFile; fileRef = F2DAF8FD1929DBD3005B2822 /* UIColor+Manage.m */; };
		F2F577DA1929908500FCBA28 /* Foundation.framework in Frameworks */ = {isa = PBXBuildFile; fileRef = F2F577D91929908500FCBA28 /* Foundation.framework */; };
		F2F577DC1929908500FCBA28 /* CoreGraphics.framework in Frameworks */ = {isa = PBXBuildFile; fileRef = F2F577DB1929908500FCBA28 /* CoreGraphics.framework */; };
		F2F577DE1929908500FCBA28 /* UIKit.framework in Frameworks */ = {isa = PBXBuildFile; fileRef = F2F577DD1929908500FCBA28 /* UIKit.framework */; };
		F2F577E41929908500FCBA28 /* InfoPlist.strings in Resources */ = {isa = PBXBuildFile; fileRef = F2F577E21929908500FCBA28 /* InfoPlist.strings */; };
		F2F577E61929908500FCBA28 /* main.m in Sources */ = {isa = PBXBuildFile; fileRef = F2F577E51929908500FCBA28 /* main.m */; };
		F2F577EA1929908500FCBA28 /* MTAppDelegate.m in Sources */ = {isa = PBXBuildFile; fileRef = F2F577E91929908500FCBA28 /* MTAppDelegate.m */; };
		F2F577ED1929908500FCBA28 /* Main.storyboard in Resources */ = {isa = PBXBuildFile; fileRef = F2F577EB1929908500FCBA28 /* Main.storyboard */; };
		F2F577F21929908500FCBA28 /* Images.xcassets in Resources */ = {isa = PBXBuildFile; fileRef = F2F577F11929908500FCBA28 /* Images.xcassets */; };
		F2F577F91929908500FCBA28 /* XCTest.framework in Frameworks */ = {isa = PBXBuildFile; fileRef = F2F577F81929908500FCBA28 /* XCTest.framework */; };
		F2F577FA1929908500FCBA28 /* Foundation.framework in Frameworks */ = {isa = PBXBuildFile; fileRef = F2F577D91929908500FCBA28 /* Foundation.framework */; };
		F2F577FB1929908500FCBA28 /* UIKit.framework in Frameworks */ = {isa = PBXBuildFile; fileRef = F2F577DD1929908500FCBA28 /* UIKit.framework */; };
		F2F578031929908500FCBA28 /* InfoPlist.strings in Resources */ = {isa = PBXBuildFile; fileRef = F2F578011929908500FCBA28 /* InfoPlist.strings */; };
		F2F578051929908500FCBA28 /* Assignment_UIImagePickerControllerTests.m in Sources */ = {isa = PBXBuildFile; fileRef = F2F578041929908500FCBA28 /* Assignment_UIImagePickerControllerTests.m */; };
		F2F578101929914600FCBA28 /* MTPost.m in Sources */ = {isa = PBXBuildFile; fileRef = F2F5780F1929914600FCBA28 /* MTPost.m */; };
		F2F578141929918900FCBA28 /* MTPostTableViewCell.m in Sources */ = {isa = PBXBuildFile; fileRef = F2F578131929918900FCBA28 /* MTPostTableViewCell.m */; };
		F2F57818192991BC00FCBA28 /* MTPostsTableViewController.m in Sources */ = {isa = PBXBuildFile; fileRef = F2F57817192991BC00FCBA28 /* MTPostsTableViewController.m */; };
		F2F5781C1929A0AC00FCBA28 /* MTCreatePostViewController.m in Sources */ = {isa = PBXBuildFile; fileRef = F2F5781B1929A0AC00FCBA28 /* MTCreatePostViewController.m */; };
/* End PBXBuildFile section */

/* Begin PBXContainerItemProxy section */
		F2F577FC1929908500FCBA28 /* PBXContainerItemProxy */ = {
			isa = PBXContainerItemProxy;
			containerPortal = F2F577CE1929908500FCBA28 /* Project object */;
			proxyType = 1;
			remoteGlobalIDString = F2F577D51929908500FCBA28;
			remoteInfo = "Assignment Sharing";
		};
/* End PBXContainerItemProxy section */

/* Begin PBXFileReference section */
		F20B3C37193ADC910074A370 /* MessageUI.framework */ = {isa = PBXFileReference; lastKnownFileType = wrapper.framework; name = MessageUI.framework; path = System/Library/Frameworks/MessageUI.framework; sourceTree = SDKROOT; };
		F20B3C3A193B96510074A370 /* Social.framework */ = {isa = PBXFileReference; lastKnownFileType = wrapper.framework; name = Social.framework; path = System/Library/Frameworks/Social.framework; sourceTree = SDKROOT; };
		F241E066192C3A380087823F /* dougherty1.png */ = {isa = PBXFileReference; lastKnownFileType = image.png; path = dougherty1.png; sourceTree = "<group>"; };
		F241E067192C3A380087823F /* dougherty2.png */ = {isa = PBXFileReference; lastKnownFileType = image.png; path = dougherty2.png; sourceTree = "<group>"; };
		F241E068192C3A380087823F /* dougherty3.png */ = {isa = PBXFileReference; lastKnownFileType = image.png; path = dougherty3.png; sourceTree = "<group>"; };
		F241E069192C3A380087823F /* dougherty4.png */ = {isa = PBXFileReference; lastKnownFileType = image.png; path = dougherty4.png; sourceTree = "<group>"; };
		F241E06A192C3A380087823F /* dougherty5.png */ = {isa = PBXFileReference; lastKnownFileType = image.png; path = dougherty5.png; sourceTree = "<group>"; };
		F241E06B192C3A380087823F /* dougherty6.png */ = {isa = PBXFileReference; lastKnownFileType = image.png; path = dougherty6.png; sourceTree = "<group>"; };
		F241E06C192C3A380087823F /* dougherty7.png */ = {isa = PBXFileReference; lastKnownFileType = image.png; path = dougherty7.png; sourceTree = "<group>"; };
		F241E06D192C3A380087823F /* dougherty8.png */ = {isa = PBXFileReference; lastKnownFileType = image.png; path = dougherty8.png; sourceTree = "<group>"; };
		F241E06E192C3A380087823F /* dougherty9.png */ = {isa = PBXFileReference; lastKnownFileType = image.png; path = dougherty9.png; sourceTree = "<group>"; };
		F241E06F192C3A380087823F /* dougherty10.png */ = {isa = PBXFileReference; lastKnownFileType = image.png; path = dougherty10.png; sourceTree = "<group>"; };
		F24E47E7192B118A005E663C /* UIImage+ImageEffects.h */ = {isa = PBXFileReference; fileEncoding = 4; lastKnownFileType = sourcecode.c.h; path = "UIImage+ImageEffects.h"; sourceTree = "<group>"; };
		F24E47E8192B118A005E663C /* UIImage+ImageEffects.m */ = {isa = PBXFileReference; fileEncoding = 4; lastKnownFileType = sourcecode.c.objc; path = "UIImage+ImageEffects.m"; sourceTree = "<group>"; };
		F24E47EA192B11F4005E663C /* AssetsLibrary.framework */ = {isa = PBXFileReference; lastKnownFileType = wrapper.framework; name = AssetsLibrary.framework; path = System/Library/Frameworks/AssetsLibrary.framework; sourceTree = SDKROOT; };
		F24E47EC192B1753005E663C /* CoreImage.framework */ = {isa = PBXFileReference; lastKnownFileType = wrapper.framework; name = CoreImage.framework; path = System/Library/Frameworks/CoreImage.framework; sourceTree = SDKROOT; };
		F292DC3D1929BC85009322AB /* MTEditPostViewController.h */ = {isa = PBXFileReference; fileEncoding = 4; lastKnownFileType = sourcecode.c.h; path = MTEditPostViewController.h; sourceTree = "<group>"; };
		F292DC3E1929BC85009322AB /* MTEditPostViewController.m */ = {isa = PBXFileReference; fileEncoding = 4; lastKnownFileType = sourcecode.c.objc; path = MTEditPostViewController.m; sourceTree = "<group>"; };
		F2DAF8FC1929DBD3005B2822 /* UIColor+Manage.h */ = {isa = PBXFileReference; fileEncoding = 4; lastKnownFileType = sourcecode.c.h; path = "UIColor+Manage.h"; sourceTree = "<group>"; };
		F2DAF8FD1929DBD3005B2822 /* UIColor+Manage.m */ = {isa = PBXFileReference; fileEncoding = 4; lastKnownFileType = sourcecode.c.objc; path = "UIColor+Manage.m"; sourceTree = "<group>"; };
		F2F577D61929908500FCBA28 /* Assignment Sharing.app */ = {isa = PBXFileReference; explicitFileType = wrapper.application; includeInIndex = 0; path = "Assignment Sharing.app"; sourceTree = BUILT_PRODUCTS_DIR; };
		F2F577D91929908500FCBA28 /* Foundation.framework */ = {isa = PBXFileReference; lastKnownFileType = wrapper.framework; name = Foundation.framework; path = System/Library/Frameworks/Foundation.framework; sourceTree = SDKROOT; };
		F2F577DB1929908500FCBA28 /* CoreGraphics.framework */ = {isa = PBXFileReference; lastKnownFileType = wrapper.framework; name = CoreGraphics.framework; path = System/Library/Frameworks/CoreGraphics.framework; sourceTree = SDKROOT; };
		F2F577DD1929908500FCBA28 /* UIKit.framework */ = {isa = PBXFileReference; lastKnownFileType = wrapper.framework; name = UIKit.framework; path = System/Library/Frameworks/UIKit.framework; sourceTree = SDKROOT; };
		F2F577E11929908500FCBA28 /* Assignment Sharing-Info.plist */ = {isa = PBXFileReference; lastKnownFileType = text.plist.xml; path = "Assignment Sharing-Info.plist"; sourceTree = "<group>"; };
		F2F577E31929908500FCBA28 /* en */ = {isa = PBXFileReference; lastKnownFileType = text.plist.strings; name = en; path = en.lproj/InfoPlist.strings; sourceTree = "<group>"; };
		F2F577E51929908500FCBA28 /* main.m */ = {isa = PBXFileReference; lastKnownFileType = sourcecode.c.objc; path = main.m; sourceTree = "<group>"; };
		F2F577E71929908500FCBA28 /* Assignment Sharing-Prefix.pch */ = {isa = PBXFileReference; lastKnownFileType = sourcecode.c.h; path = "Assignment Sharing-Prefix.pch"; sourceTree = "<group>"; };
		F2F577E81929908500FCBA28 /* MTAppDelegate.h */ = {isa = PBXFileReference; lastKnownFileType = sourcecode.c.h; path = MTAppDelegate.h; sourceTree = "<group>"; };
		F2F577E91929908500FCBA28 /* MTAppDelegate.m */ = {isa = PBXFileReference; lastKnownFileType = sourcecode.c.objc; path = MTAppDelegate.m; sourceTree = "<group>"; };
		F2F577EC1929908500FCBA28 /* Base */ = {isa = PBXFileReference; lastKnownFileType = file.storyboard; name = Base; path = Base.lproj/Main.storyboard; sourceTree = "<group>"; };
		F2F577F11929908500FCBA28 /* Images.xcassets */ = {isa = PBXFileReference; lastKnownFileType = folder.assetcatalog; path = Images.xcassets; sourceTree = "<group>"; };
		F2F577F71929908500FCBA28 /* Assignment SharingTests.xctest */ = {isa = PBXFileReference; explicitFileType = wrapper.cfbundle; includeInIndex = 0; path = "Assignment SharingTests.xctest"; sourceTree = BUILT_PRODUCTS_DIR; };
		F2F577F81929908500FCBA28 /* XCTest.framework */ = {isa = PBXFileReference; lastKnownFileType = wrapper.framework; name = XCTest.framework; path = Library/Frameworks/XCTest.framework; sourceTree = DEVELOPER_DIR; };
		F2F578001929908500FCBA28 /* Assignment SharingTests-Info.plist */ = {isa = PBXFileReference; lastKnownFileType = text.plist.xml; path = "Assignment SharingTests-Info.plist"; sourceTree = "<group>"; };
		F2F578021929908500FCBA28 /* en */ = {isa = PBXFileReference; lastKnownFileType = text.plist.strings; name = en; path = en.lproj/InfoPlist.strings; sourceTree = "<group>"; };
		F2F578041929908500FCBA28 /* Assignment_UIImagePickerControllerTests.m */ = {isa = PBXFileReference; lastKnownFileType = sourcecode.c.objc; path = Assignment_UIImagePickerControllerTests.m; sourceTree = "<group>"; };
		F2F5780E1929914600FCBA28 /* MTPost.h */ = {isa = PBXFileReference; fileEncoding = 4; lastKnownFileType = sourcecode.c.h; path = MTPost.h; sourceTree = "<group>"; };
		F2F5780F1929914600FCBA28 /* MTPost.m */ = {isa = PBXFileReference; fileEncoding = 4; lastKnownFileType = sourcecode.c.objc; path = MTPost.m; sourceTree = "<group>"; };
		F2F578121929918900FCBA28 /* MTPostTableViewCell.h */ = {isa = PBXFileReference; fileEncoding = 4; lastKnownFileType = sourcecode.c.h; path = MTPostTableViewCell.h; sourceTree = "<group>"; };
		F2F578131929918900FCBA28 /* MTPostTableViewCell.m */ = {isa = PBXFileReference; fileEncoding = 4; lastKnownFileType = sourcecode.c.objc; path = MTPostTableViewCell.m; sourceTree = "<group>"; };
		F2F57816192991BC00FCBA28 /* MTPostsTableViewController.h */ = {isa = PBXFileReference; fileEncoding = 4; lastKnownFileType = sourcecode.c.h; path = MTPostsTableViewController.h; sourceTree = "<group>"; };
		F2F57817192991BC00FCBA28 /* MTPostsTableViewController.m */ = {isa = PBXFileReference; fileEncoding = 4; lastKnownFileType = sourcecode.c.objc; path = MTPostsTableViewController.m; sourceTree = "<group>"; };
		F2F5781A1929A0AC00FCBA28 /* MTCreatePostViewController.h */ = {isa = PBXFileReference; fileEncoding = 4; lastKnownFileType = sourcecode.c.h; path = MTCreatePostViewController.h; sourceTree = "<group>"; };
		F2F5781B1929A0AC00FCBA28 /* MTCreatePostViewController.m */ = {isa = PBXFileReference; fileEncoding = 4; lastKnownFileType = sourcecode.c.objc; path = MTCreatePostViewController.m; sourceTree = "<group>"; };
/* End PBXFileReference section */

/* Begin PBXFrameworksBuildPhase section */
		F2F577D31929908500FCBA28 /* Frameworks */ = {
			isa = PBXFrameworksBuildPhase;
			buildActionMask = 2147483647;
			files = (
				F20B3C3B193B96510074A370 /* Social.framework in Frameworks */,
				F24E47ED192B1753005E663C /* CoreImage.framework in Frameworks */,
				F24E47EB192B11F4005E663C /* AssetsLibrary.framework in Frameworks */,
				F2F577DC1929908500FCBA28 /* CoreGraphics.framework in Frameworks */,
				F2F577DE1929908500FCBA28 /* UIKit.framework in Frameworks */,
				F2F577DA1929908500FCBA28 /* Foundation.framework in Frameworks */,
			);
			runOnlyForDeploymentPostprocessing = 0;
		};
		F2F577F41929908500FCBA28 /* Frameworks */ = {
			isa = PBXFrameworksBuildPhase;
			buildActionMask = 2147483647;
			files = (
				F2F577F91929908500FCBA28 /* XCTest.framework in Frameworks */,
				F2F577FB1929908500FCBA28 /* UIKit.framework in Frameworks */,
				F2F577FA1929908500FCBA28 /* Foundation.framework in Frameworks */,
			);
			runOnlyForDeploymentPostprocessing = 0;
		};
/* End PBXFrameworksBuildPhase section */

/* Begin PBXGroup section */
		F24E47A8192AD38C005E663C /* Images */ = {
			isa = PBXGroup;
			children = (
				F241E066192C3A380087823F /* dougherty1.png */,
				F241E067192C3A380087823F /* dougherty2.png */,
				F241E068192C3A380087823F /* dougherty3.png */,
				F241E069192C3A380087823F /* dougherty4.png */,
				F241E06A192C3A380087823F /* dougherty5.png */,
				F241E06B192C3A380087823F /* dougherty6.png */,
				F241E06C192C3A380087823F /* dougherty7.png */,
				F241E06D192C3A380087823F /* dougherty8.png */,
				F241E06E192C3A380087823F /* dougherty9.png */,
				F241E06F192C3A380087823F /* dougherty10.png */,
			);
			name = Images;
			path = ..;
			sourceTree = "<group>";
		};
		F2F577CD1929908500FCBA28 = {
			isa = PBXGroup;
			children = (
				F2F577DF1929908500FCBA28 /* Assignment Sharing */,
				F2F577FE1929908500FCBA28 /* Assignment SharingTests */,
				F2F577D81929908500FCBA28 /* Frameworks */,
				F2F577D71929908500FCBA28 /* Products */,
			);
			sourceTree = "<group>";
		};
		F2F577D71929908500FCBA28 /* Products */ = {
			isa = PBXGroup;
			children = (
				F2F577D61929908500FCBA28 /* Assignment Sharing.app */,
				F2F577F71929908500FCBA28 /* Assignment SharingTests.xctest */,
			);
			name = Products;
			sourceTree = "<group>";
		};
		F2F577D81929908500FCBA28 /* Frameworks */ = {
			isa = PBXGroup;
			children = (
				F20B3C3A193B96510074A370 /* Social.framework */,
				F20B3C37193ADC910074A370 /* MessageUI.framework */,
				F24E47EC192B1753005E663C /* CoreImage.framework */,
				F24E47EA192B11F4005E663C /* AssetsLibrary.framework */,
				F2F577D91929908500FCBA28 /* Foundation.framework */,
				F2F577DB1929908500FCBA28 /* CoreGraphics.framework */,
				F2F577DD1929908500FCBA28 /* UIKit.framework */,
				F2F577F81929908500FCBA28 /* XCTest.framework */,
			);
			name = Frameworks;
			sourceTree = "<group>";
		};
		F2F577DF1929908500FCBA28 /* Assignment Sharing */ = {
			isa = PBXGroup;
			children = (
				F2F578111929915400FCBA28 /* Model */,
				F2F578151929918D00FCBA28 /* View */,
				F2F57819192991C300FCBA28 /* Controller */,
				F2DAF8FC1929DBD3005B2822 /* UIColor+Manage.h */,
				F2DAF8FD1929DBD3005B2822 /* UIColor+Manage.m */,
				F24E47E7192B118A005E663C /* UIImage+ImageEffects.h */,
				F24E47E8192B118A005E663C /* UIImage+ImageEffects.m */,
				F2F577F11929908500FCBA28 /* Images.xcassets */,
				F2F577E01929908500FCBA28 /* Supporting Files */,
				F24E47A8192AD38C005E663C /* Images */,
			);
			path = "Assignment Sharing";
			sourceTree = "<group>";
		};
		F2F577E01929908500FCBA28 /* Supporting Files */ = {
			isa = PBXGroup;
			children = (
				F2F577E81929908500FCBA28 /* MTAppDelegate.h */,
				F2F577E91929908500FCBA28 /* MTAppDelegate.m */,
				F2F577E11929908500FCBA28 /* Assignment Sharing-Info.plist */,
				F2F577E21929908500FCBA28 /* InfoPlist.strings */,
				F2F577E51929908500FCBA28 /* main.m */,
				F2F577E71929908500FCBA28 /* Assignment Sharing-Prefix.pch */,
			);
			name = "Supporting Files";
			sourceTree = "<group>";
		};
		F2F577FE1929908500FCBA28 /* Assignment SharingTests */ = {
			isa = PBXGroup;
			children = (
				F2F578041929908500FCBA28 /* Assignment_UIImagePickerControllerTests.m */,
				F2F577FF1929908500FCBA28 /* Supporting Files */,
			);
			path = "Assignment SharingTests";
			sourceTree = "<group>";
		};
		F2F577FF1929908500FCBA28 /* Supporting Files */ = {
			isa = PBXGroup;
			children = (
				F2F578001929908500FCBA28 /* Assignment SharingTests-Info.plist */,
				F2F578011929908500FCBA28 /* InfoPlist.strings */,
			);
			name = "Supporting Files";
			sourceTree = "<group>";
		};
		F2F578111929915400FCBA28 /* Model */ = {
			isa = PBXGroup;
			children = (
				F2F5780E1929914600FCBA28 /* MTPost.h */,
				F2F5780F1929914600FCBA28 /* MTPost.m */,
			);
			name = Model;
			sourceTree = "<group>";
		};
		F2F578151929918D00FCBA28 /* View */ = {
			isa = PBXGroup;
			children = (
				F2F577EB1929908500FCBA28 /* Main.storyboard */,
				F2F578121929918900FCBA28 /* MTPostTableViewCell.h */,
				F2F578131929918900FCBA28 /* MTPostTableViewCell.m */,
			);
			name = View;
			sourceTree = "<group>";
		};
		F2F57819192991C300FCBA28 /* Controller */ = {
			isa = PBXGroup;
			children = (
				F2F57816192991BC00FCBA28 /* MTPostsTableViewController.h */,
				F2F57817192991BC00FCBA28 /* MTPostsTableViewController.m */,
				F2F5781A1929A0AC00FCBA28 /* MTCreatePostViewController.h */,
				F2F5781B1929A0AC00FCBA28 /* MTCreatePostViewController.m */,
				F292DC3D1929BC85009322AB /* MTEditPostViewController.h */,
				F292DC3E1929BC85009322AB /* MTEditPostViewController.m */,
			);
			name = Controller;
			sourceTree = "<group>";
		};
/* End PBXGroup section */

/* Begin PBXNativeTarget section */
		F2F577D51929908500FCBA28 /* Assignment Sharing */ = {
			isa = PBXNativeTarget;
			buildConfigurationList = F2F578081929908500FCBA28 /* Build configuration list for PBXNativeTarget "Assignment Sharing" */;
			buildPhases = (
				F2F577D21929908500FCBA28 /* Sources */,
				F2F577D31929908500FCBA28 /* Frameworks */,
				F2F577D41929908500FCBA28 /* Resources */,
			);
			buildRules = (
			);
			dependencies = (
			);
			name = "Assignment Sharing";
			productName = "Assignment Sharing";
			productReference = F2F577D61929908500FCBA28 /* Assignment Sharing.app */;
			productType = "com.apple.product-type.application";
		};
		F2F577F61929908500FCBA28 /* Assignment SharingTests */ = {
			isa = PBXNativeTarget;
			buildConfigurationList = F2F5780B1929908500FCBA28 /* Build configuration list for PBXNativeTarget "Assignment SharingTests" */;
			buildPhases = (
				F2F577F31929908500FCBA28 /* Sources */,
				F2F577F41929908500FCBA28 /* Frameworks */,
				F2F577F51929908500FCBA28 /* Resources */,
			);
			buildRules = (
			);
			dependencies = (
				F2F577FD1929908500FCBA28 /* PBXTargetDependency */,
			);
			name = "Assignment SharingTests";
			productName = "Assignment SharingTests";
			productReference = F2F577F71929908500FCBA28 /* Assignment SharingTests.xctest */;
			productType = "com.apple.product-type.bundle.unit-test";
		};
/* End PBXNativeTarget section */

/* Begin PBXProject section */
		F2F577CE1929908500FCBA28 /* Project object */ = {
			isa = PBXProject;
			attributes = {
				CLASSPREFIX = MT;
				LastUpgradeCheck = 0510;
				ORGANIZATIONNAME = "Michael Tirenin";
				TargetAttributes = {
					F2F577D51929908500FCBA28 = {
						DevelopmentTeam = C65MMLEB3C;
					};
					F2F577F61929908500FCBA28 = {
						TestTargetID = F2F577D51929908500FCBA28;
					};
				};
			};
			buildConfigurationList = F2F577D11929908500FCBA28 /* Build configuration list for PBXProject "Assignment Sharing" */;
			compatibilityVersion = "Xcode 3.2";
			developmentRegion = English;
			hasScannedForEncodings = 0;
			knownRegions = (
				en,
				Base,
			);
			mainGroup = F2F577CD1929908500FCBA28;
			productRefGroup = F2F577D71929908500FCBA28 /* Products */;
			projectDirPath = "";
			projectRoot = "";
			targets = (
				F2F577D51929908500FCBA28 /* Assignment Sharing */,
				F2F577F61929908500FCBA28 /* Assignment SharingTests */,
			);
		};
/* End PBXProject section */

/* Begin PBXResourcesBuildPhase section */
		F2F577D41929908500FCBA28 /* Resources */ = {
			isa = PBXResourcesBuildPhase;
			buildActionMask = 2147483647;
			files = (
				F241E071192C3A380087823F /* dougherty2.png in Resources */,
				F241E074192C3A380087823F /* dougherty5.png in Resources */,
				F241E079192C3A380087823F /* dougherty10.png in Resources */,
				F2F577F21929908500FCBA28 /* Images.xcassets in Resources */,
				F241E075192C3A380087823F /* dougherty6.png in Resources */,
				F241E077192C3A380087823F /* dougherty8.png in Resources */,
				F241E073192C3A380087823F /* dougherty4.png in Resources */,
				F241E076192C3A380087823F /* dougherty7.png in Resources */,
				F241E070192C3A380087823F /* dougherty1.png in Resources */,
				F241E072192C3A380087823F /* dougherty3.png in Resources */,
				F241E078192C3A380087823F /* dougherty9.png in Resources */,
				F2F577E41929908500FCBA28 /* InfoPlist.strings in Resources */,
				F2F577ED1929908500FCBA28 /* Main.storyboard in Resources */,
			);
			runOnlyForDeploymentPostprocessing = 0;
		};
		F2F577F51929908500FCBA28 /* Resources */ = {
			isa = PBXResourcesBuildPhase;
			buildActionMask = 2147483647;
			files = (
				F2F578031929908500FCBA28 /* InfoPlist.strings in Resources */,
			);
			runOnlyForDeploymentPostprocessing = 0;
		};
/* End PBXResourcesBuildPhase section */

/* Begin PBXSourcesBuildPhase section */
		F2F577D21929908500FCBA28 /* Sources */ = {
			isa = PBXSourcesBuildPhase;
			buildActionMask = 2147483647;
			files = (
				F2F577E61929908500FCBA28 /* main.m in Sources */,
				F2F578141929918900FCBA28 /* MTPostTableViewCell.m in Sources */,
				F2F578101929914600FCBA28 /* MTPost.m in Sources */,
				F2F57818192991BC00FCBA28 /* MTPostsTableViewController.m in Sources */,
				F2DAF8FE1929DBD3005B2822 /* UIColor+Manage.m in Sources */,
				F24E47E9192B118A005E663C /* UIImage+ImageEffects.m in Sources */,
				F2F577EA1929908500FCBA28 /* MTAppDelegate.m in Sources */,
				F2F5781C1929A0AC00FCBA28 /* MTCreatePostViewController.m in Sources */,
				F292DC3F1929BC85009322AB /* MTEditPostViewController.m in Sources */,
			);
			runOnlyForDeploymentPostprocessing = 0;
		};
		F2F577F31929908500FCBA28 /* Sources */ = {
			isa = PBXSourcesBuildPhase;
			buildActionMask = 2147483647;
			files = (
				F2F578051929908500FCBA28 /* Assignment_UIImagePickerControllerTests.m in Sources */,
			);
			runOnlyForDeploymentPostprocessing = 0;
		};
/* End PBXSourcesBuildPhase section */

/* Begin PBXTargetDependency section */
		F2F577FD1929908500FCBA28 /* PBXTargetDependency */ = {
			isa = PBXTargetDependency;
			target = F2F577D51929908500FCBA28 /* Assignment Sharing */;
			targetProxy = F2F577FC1929908500FCBA28 /* PBXContainerItemProxy */;
		};
/* End PBXTargetDependency section */

/* Begin PBXVariantGroup section */
		F2F577E21929908500FCBA28 /* InfoPlist.strings */ = {
			isa = PBXVariantGroup;
			children = (
				F2F577E31929908500FCBA28 /* en */,
			);
			name = InfoPlist.strings;
			sourceTree = "<group>";
		};
		F2F577EB1929908500FCBA28 /* Main.storyboard */ = {
			isa = PBXVariantGroup;
			children = (
				F2F577EC1929908500FCBA28 /* Base */,
			);
			name = Main.storyboard;
			sourceTree = "<group>";
		};
		F2F578011929908500FCBA28 /* InfoPlist.strings */ = {
			isa = PBXVariantGroup;
			children = (
				F2F578021929908500FCBA28 /* en */,
			);
			name = InfoPlist.strings;
			sourceTree = "<group>";
		};
/* End PBXVariantGroup section */

/* Begin XCBuildConfiguration section */
		F2F578061929908500FCBA28 /* Debug */ = {
			isa = XCBuildConfiguration;
			buildSettings = {
				ALWAYS_SEARCH_USER_PATHS = NO;
				CLANG_CXX_LANGUAGE_STANDARD = "gnu++0x";
				CLANG_CXX_LIBRARY = "libc++";
				CLANG_ENABLE_MODULES = YES;
				CLANG_ENABLE_OBJC_ARC = YES;
				CLANG_WARN_BOOL_CONVERSION = YES;
				CLANG_WARN_CONSTANT_CONVERSION = YES;
				CLANG_WARN_DIRECT_OBJC_ISA_USAGE = YES_ERROR;
				CLANG_WARN_EMPTY_BODY = YES;
				CLANG_WARN_ENUM_CONVERSION = YES;
				CLANG_WARN_INT_CONVERSION = YES;
				CLANG_WARN_OBJC_ROOT_CLASS = YES_ERROR;
				CLANG_WARN__DUPLICATE_METHOD_MATCH = YES;
				"CODE_SIGN_IDENTITY[sdk=iphoneos*]" = "iPhone Developer";
				COPY_PHASE_STRIP = NO;
				GCC_C_LANGUAGE_STANDARD = gnu99;
				GCC_DYNAMIC_NO_PIC = NO;
				GCC_OPTIMIZATION_LEVEL = 0;
				GCC_PREPROCESSOR_DEFINITIONS = (
					"DEBUG=1",
					"$(inherited)",
				);
				GCC_SYMBOLS_PRIVATE_EXTERN = NO;
				GCC_WARN_64_TO_32_BIT_CONVERSION = YES;
				GCC_WARN_ABOUT_RETURN_TYPE = YES_ERROR;
				GCC_WARN_UNDECLARED_SELECTOR = YES;
				GCC_WARN_UNINITIALIZED_AUTOS = YES_AGGRESSIVE;
				GCC_WARN_UNUSED_FUNCTION = YES;
				GCC_WARN_UNUSED_VARIABLE = YES;
				IPHONEOS_DEPLOYMENT_TARGET = 7.1;
				ONLY_ACTIVE_ARCH = YES;
				SDKROOT = iphoneos;
			};
			name = Debug;
		};
		F2F578071929908500FCBA28 /* Release */ = {
			isa = XCBuildConfiguration;
			buildSettings = {
				ALWAYS_SEARCH_USER_PATHS = NO;
				CLANG_CXX_LANGUAGE_STANDARD = "gnu++0x";
				CLANG_CXX_LIBRARY = "libc++";
				CLANG_ENABLE_MODULES = YES;
				CLANG_ENABLE_OBJC_ARC = YES;
				CLANG_WARN_BOOL_CONVERSION = YES;
				CLANG_WARN_CONSTANT_CONVERSION = YES;
				CLANG_WARN_DIRECT_OBJC_ISA_USAGE = YES_ERROR;
				CLANG_WARN_EMPTY_BODY = YES;
				CLANG_WARN_ENUM_CONVERSION = YES;
				CLANG_WARN_INT_CONVERSION = YES;
				CLANG_WARN_OBJC_ROOT_CLASS = YES_ERROR;
				CLANG_WARN__DUPLICATE_METHOD_MATCH = YES;
				"CODE_SIGN_IDENTITY[sdk=iphoneos*]" = "iPhone Developer";
				COPY_PHASE_STRIP = YES;
				ENABLE_NS_ASSERTIONS = NO;
				GCC_C_LANGUAGE_STANDARD = gnu99;
				GCC_WARN_64_TO_32_BIT_CONVERSION = YES;
				GCC_WARN_ABOUT_RETURN_TYPE = YES_ERROR;
				GCC_WARN_UNDECLARED_SELECTOR = YES;
				GCC_WARN_UNINITIALIZED_AUTOS = YES_AGGRESSIVE;
				GCC_WARN_UNUSED_FUNCTION = YES;
				GCC_WARN_UNUSED_VARIABLE = YES;
				IPHONEOS_DEPLOYMENT_TARGET = 7.1;
				SDKROOT = iphoneos;
				VALIDATE_PRODUCT = YES;
			};
			name = Release;
		};
		F2F578091929908500FCBA28 /* Debug */ = {
			isa = XCBuildConfiguration;
			buildSettings = {
				ASSETCATALOG_COMPILER_APPICON_NAME = AppIcon;
				ASSETCATALOG_COMPILER_LAUNCHIMAGE_NAME = LaunchImage;
				CODE_SIGN_IDENTITY = "iPhone Developer";
				GCC_PRECOMPILE_PREFIX_HEADER = YES;
				GCC_PREFIX_HEADER = "Assignment Sharing/Assignment Sharing-Prefix.pch";
				INFOPLIST_FILE = "Assignment Sharing/Assignment Sharing-Info.plist";
				PRODUCT_NAME = "Assignment Sharing";
				WRAPPER_EXTENSION = app;
			};
			name = Debug;
		};
		F2F5780A1929908500FCBA28 /* Release */ = {
			isa = XCBuildConfiguration;
			buildSettings = {
				ASSETCATALOG_COMPILER_APPICON_NAME = AppIcon;
				ASSETCATALOG_COMPILER_LAUNCHIMAGE_NAME = LaunchImage;
				CODE_SIGN_IDENTITY = "iPhone Developer";
				GCC_PRECOMPILE_PREFIX_HEADER = YES;
				GCC_PREFIX_HEADER = "Assignment Sharing/Assignment Sharing-Prefix.pch";
				INFOPLIST_FILE = "Assignment Sharing/Assignment Sharing-Info.plist";
				PRODUCT_NAME = "Assignment Sharing";
				WRAPPER_EXTENSION = app;
			};
			name = Release;
		};
		F2F5780C1929908500FCBA28 /* Debug */ = {
			isa = XCBuildConfiguration;
			buildSettings = {
				BUNDLE_LOADER = "$(BUILT_PRODUCTS_DIR)/Assignment Sharing.app/Assignment Sharing";
				FRAMEWORK_SEARCH_PATHS = (
					"$(SDKROOT)/Developer/Library/Frameworks",
					"$(inherited)",
					"$(DEVELOPER_FRAMEWORKS_DIR)",
				);
				GCC_PRECOMPILE_PREFIX_HEADER = YES;
				GCC_PREFIX_HEADER = "Assignment Sharing/Assignment Sharing-Prefix.pch";
				GCC_PREPROCESSOR_DEFINITIONS = (
					"DEBUG=1",
					"$(inherited)",
				);
				INFOPLIST_FILE = "Assignment SharingTests/Assignment SharingTests-Info.plist";
				PRODUCT_NAME = "Assignment SharingTests";
				TEST_HOST = "$(BUNDLE_LOADER)";
				WRAPPER_EXTENSION = xctest;
			};
			name = Debug;
		};
		F2F5780D1929908500FCBA28 /* Release */ = {
			isa = XCBuildConfiguration;
			buildSettings = {
				BUNDLE_LOADER = "$(BUILT_PRODUCTS_DIR)/Assignment Shairng.app/Assignment Sharing";
				FRAMEWORK_SEARCH_PATHS = (
					"$(SDKROOT)/Developer/Library/Frameworks",
					"$(inherited)",
					"$(DEVELOPER_FRAMEWORKS_DIR)",
				);
				GCC_PRECOMPILE_PREFIX_HEADER = YES;
				GCC_PREFIX_HEADER = "Assignment Sharing/Assignment Sharing-Prefix.pch";
				INFOPLIST_FILE = "Assignment SharingTests/Assignment SharingTests-Info.plist";
				PRODUCT_NAME = "Assignment SharingTests";
				TEST_HOST = "$(BUNDLE_LOADER)";
				WRAPPER_EXTENSION = xctest;
			};
			name = Release;
		};
/* End XCBuildConfiguration section */

/* Begin XCConfigurationList section */
		F2F577D11929908500FCBA28 /* Build configuration list for PBXProject "Assignment Sharing" */ = {
			isa = XCConfigurationList;
			buildConfigurations = (
				F2F578061929908500FCBA28 /* Debug */,
				F2F578071929908500FCBA28 /* Release */,
			);
			defaultConfigurationIsVisible = 0;
			defaultConfigurationName = Release;
		};
		F2F578081929908500FCBA28 /* Build configuration list for PBXNativeTarget "Assignment Sharing" */ = {
			isa = XCConfigurationList;
			buildConfigurations = (
				F2F578091929908500FCBA28 /* Debug */,
				F2F5780A1929908500FCBA28 /* Release */,
			);
			defaultConfigurationIsVisible = 0;
			defaultConfigurationName = Release;
		};
		F2F5780B1929908500FCBA28 /* Build configuration list for PBXNativeTarget "Assignment SharingTests" */ = {
			isa = XCConfigurationList;
			buildConfigurations = (
				F2F5780C1929908500FCBA28 /* Debug */,
				F2F5780D1929908500FCBA28 /* Release */,
			);
			defaultConfigurationIsVisible = 0;
			defaultConfigurationName = Release;
		};
/* End XCConfigurationList section */
	};
	rootObject = F2F577CE1929908500FCBA28 /* Project object */;
}
